
Microsoft Visual Studio Solution File, Format Version 12.00
# Visual Studio 15
VisualStudioVersion = 15.0.28307.438
MinimumVisualStudioVersion = 10.0.40219.1
Project("{FAE04EC0-301F-11D3-BF4B-00C04F79EFBC}") = "RBtn_Msg", "RBtn_Msg\RBtn_Msg.csproj", "{B38101A6-CC28-4E55-8B3E-1BCC46FF210B}"
EndProject
Global
	GlobalSection(SolutionConfigurationPlatforms) = preSolution
		Debug|Any CPU = Debug|Any CPU
		Release|Any CPU = Release|Any CPU
	EndGlobalSection
	GlobalSection(ProjectConfigurationPlatforms) = postSolution
		{B38101A6-CC28-4E55-8B3E-1BCC46FF210B}.Debug|Any CPU.ActiveCfg = Debug|Any CPU
		{B38101A6-CC28-4E55-8B3E-1BCC46FF210B}.Debug|Any CPU.Build.0 = Debug|Any CPU
		{B38101A6-CC28-4E55-8B3E-1BCC46FF210B}.Release|Any CPU.ActiveCfg = Release|Any CPU
		{B38101A6-CC28-4E55-8B3E-1BCC46FF210B}.Release|Any CPU.Build.0 = Release|Any CPU
	EndGlobalSection
	GlobalSection(SolutionProperties) = preSolution
		HideSolutionNode = FALSE
	EndGlobalSection
	GlobalSection(ExtensibilityGlobals) = postSolution
		SolutionGuid = {AA4831E1-FAD8-4CF9-B757-2973CE2FF843}
	EndGlobalSection
EndGlobal
